
Microsoft Visual Studio Solution File, Format Version 12.00
# Visual Studio Version 16
VisualStudioVersion = 16.0.29411.138
MinimumVisualStudioVersion = 10.0.40219.1
Project("{FAE04EC0-301F-11D3-BF4B-00C04F79EFBC}") = "DailyTodo", "DailyTodo\DailyTodo.csproj", "{743D9ABA-8E2A-4792-886A-395AEE91B351}"
EndProject
Project("{9A19103F-16F7-4668-BE54-9A1E7A4F7556}") = "DailyTodo.Core", "DailyTodo.Core\DailyTodo.Core.csproj", "{891452DB-9E78-4495-B852-C5FB797E8DC9}"
EndProject
Global
	GlobalSection(SolutionConfigurationPlatforms) = preSolution
		Debug|Any CPU = Debug|Any CPU
		Debug|ARM = Debug|ARM
		Debug|x64 = Debug|x64
		Debug|x86 = Debug|x86
		Release|Any CPU = Release|Any CPU
		Release|ARM = Release|ARM
		Release|x64 = Release|x64
		Release|x86 = Release|x86
	EndGlobalSection
	GlobalSection(ProjectConfigurationPlatforms) = postSolution
		{743D9ABA-8E2A-4792-886A-395AEE91B351}.Debug|Any CPU.ActiveCfg = Debug|x64
		{743D9ABA-8E2A-4792-886A-395AEE91B351}.Debug|Any CPU.Build.0 = Debug|x64
		{743D9ABA-8E2A-4792-886A-395AEE91B351}.Debug|Any CPU.Deploy.0 = Debug|x64
		{743D9ABA-8E2A-4792-886A-395AEE91B351}.Debug|ARM.ActiveCfg = Debug|ARM
		{743D9ABA-8E2A-4792-886A-395AEE91B351}.Debug|ARM.Build.0 = Debug|ARM
		{743D9ABA-8E2A-4792-886A-395AEE91B351}.Debug|ARM.Deploy.0 = Debug|ARM
		{743D9ABA-8E2A-4792-886A-395AEE91B351}.Debug|x64.ActiveCfg = Debug|x64
		{743D9ABA-8E2A-4792-886A-395AEE91B351}.Debug|x64.Build.0 = Debug|x64
		{743D9ABA-8E2A-4792-886A-395AEE91B351}.Debug|x64.Deploy.0 = Debug|x64
		{743D9ABA-8E2A-4792-886A-395AEE91B351}.Debug|x86.ActiveCfg = Debug|Any CPU
		{743D9ABA-8E2A-4792-886A-395AEE91B351}.Debug|x86.Build.0 = Debug|Any CPU
		{743D9ABA-8E2A-4792-886A-395AEE91B351}.Debug|x86.Deploy.0 = Debug|Any CPU
		{743D9ABA-8E2A-4792-886A-395AEE91B351}.Release|Any CPU.ActiveCfg = Release|x86
		{743D9ABA-8E2A-4792-886A-395AEE91B351}.Release|ARM.ActiveCfg = Release|ARM
		{743D9ABA-8E2A-4792-886A-395AEE91B351}.Release|ARM.Build.0 = Release|ARM
		{743D9ABA-8E2A-4792-886A-395AEE91B351}.Release|ARM.Deploy.0 = Release|ARM
		{743D9ABA-8E2A-4792-886A-395AEE91B351}.Release|x64.ActiveCfg = Release|x64
		{743D9ABA-8E2A-4792-886A-395AEE91B351}.Release|x64.Build.0 = Release|x64
		{743D9ABA-8E2A-4792-886A-395AEE91B351}.Release|x64.Deploy.0 = Release|x64
		{743D9ABA-8E2A-4792-886A-395AEE91B351}.Release|x86.ActiveCfg = Release|x86
		{743D9ABA-8E2A-4792-886A-395AEE91B351}.Release|x86.Build.0 = Release|x86
		{743D9ABA-8E2A-4792-886A-395AEE91B351}.Release|x86.Deploy.0 = Release|x86
		{891452DB-9E78-4495-B852-C5FB797E8DC9}.Debug|Any CPU.ActiveCfg = Debug|Any CPU
		{891452DB-9E78-4495-B852-C5FB797E8DC9}.Debug|Any CPU.Build.0 = Debug|Any CPU
		{891452DB-9E78-4495-B852-C5FB797E8DC9}.Debug|ARM.ActiveCfg = Debug|Any CPU
		{891452DB-9E78-4495-B852-C5FB797E8DC9}.Debug|ARM.Build.0 = Debug|Any CPU
		{891452DB-9E78-4495-B852-C5FB797E8DC9}.Debug|x64.ActiveCfg = Debug|Any CPU
		{891452DB-9E78-4495-B852-C5FB797E8DC9}.Debug|x64.Build.0 = Debug|Any CPU
		{891452DB-9E78-4495-B852-C5FB797E8DC9}.Debug|x86.ActiveCfg = Debug|Any CPU
		{891452DB-9E78-4495-B852-C5FB797E8DC9}.Debug|x86.Build.0 = Debug|Any CPU
		{891452DB-9E78-4495-B852-C5FB797E8DC9}.Release|Any CPU.ActiveCfg = Release|Any CPU
		{891452DB-9E78-4495-B852-C5FB797E8DC9}.Release|Any CPU.Build.0 = Release|Any CPU
		{891452DB-9E78-4495-B852-C5FB797E8DC9}.Release|ARM.ActiveCfg = Release|Any CPU
		{891452DB-9E78-4495-B852-C5FB797E8DC9}.Release|ARM.Build.0 = Release|Any CPU
		{891452DB-9E78-4495-B852-C5FB797E8DC9}.Release|x64.ActiveCfg = Release|Any CPU
		{891452DB-9E78-4495-B852-C5FB797E8DC9}.Release|x64.Build.0 = Release|Any CPU
		{891452DB-9E78-4495-B852-C5FB797E8DC9}.Release|x86.ActiveCfg = Release|Any CPU
		{891452DB-9E78-4495-B852-C5FB797E8DC9}.Release|x86.Build.0 = Release|Any CPU
	EndGlobalSection
	GlobalSection(SolutionProperties) = preSolution
		HideSolutionNode = FALSE
	EndGlobalSection
	GlobalSection(ExtensibilityGlobals) = postSolution
		SolutionGuid = {A1203D4C-D1D9-4548-92D6-5AA57F1E7890}
	EndGlobalSection
EndGlobal
